{
  "requires": true,
  "lockfileVersion": 1,
  "dependencies": {
    "@ng-bootstrap/ng-bootstrap": {
      "version": "5.1.4",
      "resolved": "https://registry.npmjs.org/@ng-bootstrap/ng-bootstrap/-/ng-bootstrap-5.1.4.tgz",
      "integrity": "sha512-UtL9GBkAMy0O/0Rkc4DG1WoFDWhAnAdvsQuJ1IFLmlN2v6HAX+E84tgUK0n15WLBhYBXXuhRx0dIW2jafjg1xQ==",
      "requires": {
        "tslib": "^1.9.0"
      }
    },
    "ngx-cookie": {
      "version": "4.1.2",
      "resolved": "https://registry.npmjs.org/ngx-cookie/-/ngx-cookie-4.1.2.tgz",
      "integrity": "sha512-BU3q+116mSQZvf8WsnKDxyWFy10LtxSvZz1YIjD7pmaSFpiKdWmHTHn0qLgm3OoIL9TfInQ7Ij46rKJWPD+4Kw==",
      "requires": {
        "tslib": "^1.9.0"
      }
    },
    "ngx-cookie-service": {
      "version": "2.2.0",
      "resolved": "https://registry.npmjs.org/ngx-cookie-service/-/ngx-cookie-service-2.2.0.tgz",
      "integrity": "sha512-2kaC1itlEMxiMAPJ320hOpcwU9vhvjbKQCZ1Go6bGhYjJtqG7eYvhNP7mM9IhFz1/afG2tBryJPySWmFUGhRpA=="
    },
    "ngx-paypal": {
      "version": "5.0.0",
      "resolved": "https://registry.npmjs.org/ngx-paypal/-/ngx-paypal-5.0.0.tgz",
      "integrity": "sha512-XoKw8S78zZHShaw+c9rVi+gBHt10UjWtW9Fsu2Jb4gEFdKIuzEsNy+sBHfWIWViJF2h4ax2+jjS1w+V5l2jhMg==",
      "requires": {
        "tslib": "^1.9.0"
      }
    },
    "tslib": {
      "version": "1.10.0",
      "resolved": "https://registry.npmjs.org/tslib/-/tslib-1.10.0.tgz",
      "integrity": "sha512-qOebF53frne81cf0S9B41ByenJ3/IuH8yJKngAX35CmiZySA0khhkovshKK+jGCaMnVomla7gVlIcc3EvKPbTQ=="
    }
  }
}
